// !$*UTF8*$!
{
	archiveVersion = 1;
	classes = {
	};
	objectVersion = 50;
	objects = {

/* Begin PBXBuildFile section */
		8DB18DBC20BEA5F0008A1AE1 /* AppDelegate.swift in Sources */ = {isa = PBXBuildFile; fileRef = 8DB18DBB20BEA5F0008A1AE1 /* AppDelegate.swift */; };
		8DB18DBE20BEA5F0008A1AE1 /* ViewController.swift in Sources */ = {isa = PBXBuildFile; fileRef = 8DB18DBD20BEA5F0008A1AE1 /* ViewController.swift */; };
		8DB18DC120BEA5F0008A1AE1 /* Main.storyboard in Resources */ = {isa = PBXBuildFile; fileRef = 8DB18DBF20BEA5F0008A1AE1 /* Main.storyboard */; };
		8DB18DC320BEA5F4008A1AE1 /* Assets.xcassets in Resources */ = {isa = PBXBuildFile; fileRef = 8DB18DC220BEA5F4008A1AE1 /* Assets.xcassets */; };
		8DB18DC620BEA5F4008A1AE1 /* LaunchScreen.storyboard in Resources */ = {isa = PBXBuildFile; fileRef = 8DB18DC420BEA5F4008A1AE1 /* LaunchScreen.storyboard */; };
		8DB18DD120BEA5F4008A1AE1 /* staticLibrariesTestTests.swift in Sources */ = {isa = PBXBuildFile; fileRef = 8DB18DD020BEA5F4008A1AE1 /* staticLibrariesTestTests.swift */; };
		8DB18DDC20BEA5F4008A1AE1 /* staticLibrariesTestUITests.swift in Sources */ = {isa = PBXBuildFile; fileRef = 8DB18DDB20BEA5F4008A1AE1 /* staticLibrariesTestUITests.swift */; };
/* End PBXBuildFile section */

/* Begin PBXContainerItemProxy section */
		8DB18DCD20BEA5F4008A1AE1 /* PBXContainerItemProxy */ = {
			isa = PBXContainerItemProxy;
			containerPortal = 8DB18DB020BEA5F0008A1AE1 /* Project object */;
			proxyType = 1;
			remoteGlobalIDString = 8DB18DB720BEA5F0008A1AE1;
			remoteInfo = staticLibrariesTest;
		};
		8DB18DD820BEA5F4008A1AE1 /* PBXContainerItemProxy */ = {
			isa = PBXContainerItemProxy;
			containerPortal = 8DB18DB020BEA5F0008A1AE1 /* Project object */;
			proxyType = 1;
			remoteGlobalIDString = 8DB18DB720BEA5F0008A1AE1;
			remoteInfo = staticLibrariesTest;
		};
/* End PBXContainerItemProxy section */

/* Begin PBXFileReference section */
		8DB18DB820BEA5F0008A1AE1 /* staticLibrariesTest.app */ = {isa = PBXFileReference; explicitFileType = wrapper.application; includeInIndex = 0; path = staticLibrariesTest.app; sourceTree = BUILT_PRODUCTS_DIR; };
		8DB18DBB20BEA5F0008A1AE1 /* AppDelegate.swift */ = {isa = PBXFileReference; lastKnownFileType = sourcecode.swift; path = AppDelegate.swift; sourceTree = "<group>"; };
		8DB18DBD20BEA5F0008A1AE1 /* ViewController.swift */ = {isa = PBXFileReference; lastKnownFileType = sourcecode.swift; path = ViewController.swift; sourceTree = "<group>"; };
		8DB18DC020BEA5F0008A1AE1 /* Base */ = {isa = PBXFileReference; lastKnownFileType = file.storyboard; name = Base; path = Base.lproj/Main.storyboard; sourceTree = "<group>"; };
		8DB18DC220BEA5F4008A1AE1 /* Assets.xcassets */ = {isa = PBXFileReference; lastKnownFileType = folder.assetcatalog; path = Assets.xcassets; sourceTree = "<group>"; };
		8DB18DC520BEA5F4008A1AE1 /* Base */ = {isa = PBXFileReference; lastKnownFileType = file.storyboard; name = Base; path = Base.lproj/LaunchScreen.storyboard; sourceTree = "<group>"; };
		8DB18DC720BEA5F4008A1AE1 /* Info.plist */ = {isa = PBXFileReference; lastKnownFileType = text.plist.xml; path = Info.plist; sourceTree = "<group>"; };
		8DB18DCC20BEA5F4008A1AE1 /* staticLibrariesTestTests.xctest */ = {isa = PBXFileReference; explicitFileType = wrapper.cfbundle; includeInIndex = 0; path = staticLibrariesTestTests.xctest; sourceTree = BUILT_PRODUCTS_DIR; };
		8DB18DD020BEA5F4008A1AE1 /* staticLibrariesTestTests.swift */ = {isa = PBXFileReference; lastKnownFileType = sourcecode.swift; path = staticLibrariesTestTests.swift; sourceTree = "<group>"; };
		8DB18DD220BEA5F4008A1AE1 /* Info.plist */ = {isa = PBXFileReference; lastKnownFileType = text.plist.xml; path = Info.plist; sourceTree = "<group>"; };
		8DB18DD720BEA5F4008A1AE1 /* staticLibrariesTestUITests.xctest */ = {isa = PBXFileReference; explicitFileType = wrapper.cfbundle; includeInIndex = 0; path = staticLibrariesTestUITests.xctest; sourceTree = BUILT_PRODUCTS_DIR; };
		8DB18DDB20BEA5F4008A1AE1 /* staticLibrariesTestUITests.swift */ = {isa = PBXFileReference; lastKnownFileType = sourcecode.swift; path = staticLibrariesTestUITests.swift; sourceTree = "<group>"; };
		8DB18DDD20BEA5F4008A1AE1 /* Info.plist */ = {isa = PBXFileReference; lastKnownFileType = text.plist.xml; path = Info.plist; sourceTree = "<group>"; };
/* End PBXFileReference section */

/* Begin PBXFrameworksBuildPhase section */
		8DB18DB520BEA5F0008A1AE1 /* Frameworks */ = {
			isa = PBXFrameworksBuildPhase;
			buildActionMask = 2147483647;
			files = (
			);
			runOnlyForDeploymentPostprocessing = 0;
		};
		8DB18DC920BEA5F4008A1AE1 /* Frameworks */ = {
			isa = PBXFrameworksBuildPhase;
			buildActionMask = 2147483647;
			files = (
			);
			runOnlyForDeploymentPostprocessing = 0;
		};
		8DB18DD420BEA5F4008A1AE1 /* Frameworks */ = {
			isa = PBXFrameworksBuildPhase;
			buildActionMask = 2147483647;
			files = (
			);
			runOnlyForDeploymentPostprocessing = 0;
		};
/* End PBXFrameworksBuildPhase section */

/* Begin PBXGroup section */
		8DB18DAF20BEA5F0008A1AE1 = {
			isa = PBXGroup;
			children = (
				8DB18DBA20BEA5F0008A1AE1 /* staticLibrariesTest */,
				8DB18DCF20BEA5F4008A1AE1 /* staticLibrariesTestTests */,
				8DB18DDA20BEA5F4008A1AE1 /* staticLibrariesTestUITests */,
				8DB18DB920BEA5F0008A1AE1 /* Products */,
			);
			sourceTree = "<group>";
		};
		8DB18DB920BEA5F0008A1AE1 /* Products */ = {
			isa = PBXGroup;
			children = (
				8DB18DB820BEA5F0008A1AE1 /* staticLibrariesTest.app */,
				8DB18DCC20BEA5F4008A1AE1 /* staticLibrariesTestTests.xctest */,
				8DB18DD720BEA5F4008A1AE1 /* staticLibrariesTestUITests.xctest */,
			);
			name = Products;
			sourceTree = "<group>";
		};
		8DB18DBA20BEA5F0008A1AE1 /* staticLibrariesTest */ = {
			isa = PBXGroup;
			children = (
				8DB18DBB20BEA5F0008A1AE1 /* AppDelegate.swift */,
				8DB18DBD20BEA5F0008A1AE1 /* ViewController.swift */,
				8DB18DBF20BEA5F0008A1AE1 /* Main.storyboard */,
				8DB18DC220BEA5F4008A1AE1 /* Assets.xcassets */,
				8DB18DC420BEA5F4008A1AE1 /* LaunchScreen.storyboard */,
				8DB18DC720BEA5F4008A1AE1 /* Info.plist */,
			);
			path = staticLibrariesTest;
			sourceTree = "<group>";
		};
		8DB18DCF20BEA5F4008A1AE1 /* staticLibrariesTestTests */ = {
			isa = PBXGroup;
			children = (
				8DB18DD020BEA5F4008A1AE1 /* staticLibrariesTestTests.swift */,
				8DB18DD220BEA5F4008A1AE1 /* Info.plist */,
			);
			path = staticLibrariesTestTests;
			sourceTree = "<group>";
		};
		8DB18DDA20BEA5F4008A1AE1 /* staticLibrariesTestUITests */ = {
			isa = PBXGroup;
			children = (
				8DB18DDB20BEA5F4008A1AE1 /* staticLibrariesTestUITests.swift */,
				8DB18DDD20BEA5F4008A1AE1 /* Info.plist */,
			);
			path = staticLibrariesTestUITests;
			sourceTree = "<group>";
		};
/* End PBXGroup section */

/* Begin PBXNativeTarget section */
		8DB18DB720BEA5F0008A1AE1 /* staticLibrariesTest */ = {
			isa = PBXNativeTarget;
			buildConfigurationList = 8DB18DE020BEA5F4008A1AE1 /* Build configuration list for PBXNativeTarget "staticLibrariesTest" */;
			buildPhases = (
				8DB18DB420BEA5F0008A1AE1 /* Sources */,
				8DB18DB520BEA5F0008A1AE1 /* Frameworks */,
				8DB18DB620BEA5F0008A1AE1 /* Resources */,
			);
			buildRules = (
			);
			dependencies = (
			);
			name = staticLibrariesTest;
			productName = staticLibrariesTest;
			productReference = 8DB18DB820BEA5F0008A1AE1 /* staticLibrariesTest.app */;
			productType = "com.apple.product-type.application";
		};
		8DB18DCB20BEA5F4008A1AE1 /* staticLibrariesTestTests */ = {
			isa = PBXNativeTarget;
			buildConfigurationList = 8DB18DE320BEA5F4008A1AE1 /* Build configuration list for PBXNativeTarget "staticLibrariesTestTests" */;
			buildPhases = (
				8DB18DC820BEA5F4008A1AE1 /* Sources */,
				8DB18DC920BEA5F4008A1AE1 /* Frameworks */,
				8DB18DCA20BEA5F4008A1AE1 /* Resources */,
			);
			buildRules = (
			);
			dependencies = (
				8DB18DCE20BEA5F4008A1AE1 /* PBXTargetDependency */,
			);
			name = staticLibrariesTestTests;
			productName = staticLibrariesTestTests;
			productReference = 8DB18DCC20BEA5F4008A1AE1 /* staticLibrariesTestTests.xctest */;
			productType = "com.apple.product-type.bundle.unit-test";
		};
		8DB18DD620BEA5F4008A1AE1 /* staticLibrariesTestUITests */ = {
			isa = PBXNativeTarget;
			buildConfigurationList = 8DB18DE620BEA5F4008A1AE1 /* Build configuration list for PBXNativeTarget "staticLibrariesTestUITests" */;
			buildPhases = (
				8DB18DD320BEA5F4008A1AE1 /* Sources */,
				8DB18DD420BEA5F4008A1AE1 /* Frameworks */,
				8DB18DD520BEA5F4008A1AE1 /* Resources */,
			);
			buildRules = (
			);
			dependencies = (
				8DB18DD920BEA5F4008A1AE1 /* PBXTargetDependency */,
			);
			name = staticLibrariesTestUITests;
			productName = staticLibrariesTestUITests;
			productReference = 8DB18DD720BEA5F4008A1AE1 /* staticLibrariesTestUITests.xctest */;
			productType = "com.apple.product-type.bundle.ui-testing";
		};
/* End PBXNativeTarget section */

/* Begin PBXProject section */
		8DB18DB020BEA5F0008A1AE1 /* Project object */ = {
			isa = PBXProject;
			attributes = {
				LastSwiftUpdateCheck = 0940;
				LastUpgradeCheck = 0940;
				ORGANIZATIONNAME = "Stephan Lerner";
				TargetAttributes = {
					8DB18DB720BEA5F0008A1AE1 = {
						CreatedOnToolsVersion = 9.4;
					};
					8DB18DCB20BEA5F4008A1AE1 = {
						CreatedOnToolsVersion = 9.4;
						TestTargetID = 8DB18DB720BEA5F0008A1AE1;
					};
					8DB18DD620BEA5F4008A1AE1 = {
						CreatedOnToolsVersion = 9.4;
						TestTargetID = 8DB18DB720BEA5F0008A1AE1;
					};
				};
			};
			buildConfigurationList = 8DB18DB320BEA5F0008A1AE1 /* Build configuration list for PBXProject "staticLibrariesTest" */;
			compatibilityVersion = "Xcode 9.3";
			developmentRegion = en;
			hasScannedForEncodings = 0;
			knownRegions = (
				en,
				Base,
			);
			mainGroup = 8DB18DAF20BEA5F0008A1AE1;
			productRefGroup = 8DB18DB920BEA5F0008A1AE1 /* Products */;
			projectDirPath = "";
			projectRoot = "";
			targets = (
				8DB18DB720BEA5F0008A1AE1 /* staticLibrariesTest */,
				8DB18DCB20BEA5F4008A1AE1 /* staticLibrariesTestTests */,
				8DB18DD620BEA5F4008A1AE1 /* staticLibrariesTestUITests */,
			);
		};
/* End PBXProject section */

/* Begin PBXResourcesBuildPhase section */
		8DB18DB620BEA5F0008A1AE1 /* Resources */ = {
			isa = PBXResourcesBuildPhase;
			buildActionMask = 2147483647;
			files = (
				8DB18DC620BEA5F4008A1AE1 /* LaunchScreen.storyboard in Resources */,
				8DB18DC320BEA5F4008A1AE1 /* Assets.xcassets in Resources */,
				8DB18DC120BEA5F0008A1AE1 /* Main.storyboard in Resources */,
			);
			runOnlyForDeploymentPostprocessing = 0;
		};
		8DB18DCA20BEA5F4008A1AE1 /* Resources */ = {
			isa = PBXResourcesBuildPhase;
			buildActionMask = 2147483647;
			files = (
			);
			runOnlyForDeploymentPostprocessing = 0;
		};
		8DB18DD520BEA5F4008A1AE1 /* Resources */ = {
			isa = PBXResourcesBuildPhase;
			buildActionMask = 2147483647;
			files = (
			);
			runOnlyForDeploymentPostprocessing = 0;
		};
/* End PBXResourcesBuildPhase section */

/* Begin PBXSourcesBuildPhase section */
		8DB18DB420BEA5F0008A1AE1 /* Sources */ = {
			isa = PBXSourcesBuildPhase;
			buildActionMask = 2147483647;
			files = (
				8DB18DBE20BEA5F0008A1AE1 /* ViewController.swift in Sources */,
				8DB18DBC20BEA5F0008A1AE1 /* AppDelegate.swift in Sources */,
			);
			runOnlyForDeploymentPostprocessing = 0;
		};
		8DB18DC820BEA5F4008A1AE1 /* Sources */ = {
			isa = PBXSourcesBuildPhase;
			buildActionMask = 2147483647;
			files = (
				8DB18DD120BEA5F4008A1AE1 /* staticLibrariesTestTests.swift in Sources */,
			);
			runOnlyForDeploymentPostprocessing = 0;
		};
		8DB18DD320BEA5F4008A1AE1 /* Sources */ = {
			isa = PBXSourcesBuildPhase;
			buildActionMask = 2147483647;
			files = (
				8DB18DDC20BEA5F4008A1AE1 /* staticLibrariesTestUITests.swift in Sources */,
			);
			runOnlyForDeploymentPostprocessing = 0;
		};
/* End PBXSourcesBuildPhase section */

/* Begin PBXTargetDependency section */
		8DB18DCE20BEA5F4008A1AE1 /* PBXTargetDependency */ = {
			isa = PBXTargetDependency;
			target = 8DB18DB720BEA5F0008A1AE1 /* staticLibrariesTest */;
			targetProxy = 8DB18DCD20BEA5F4008A1AE1 /* PBXContainerItemProxy */;
		};
		8DB18DD920BEA5F4008A1AE1 /* PBXTargetDependency */ = {
			isa = PBXTargetDependency;
			target = 8DB18DB720BEA5F0008A1AE1 /* staticLibrariesTest */;
			targetProxy = 8DB18DD820BEA5F4008A1AE1 /* PBXContainerItemProxy */;
		};
/* End PBXTargetDependency section */

/* Begin PBXVariantGroup section */
		8DB18DBF20BEA5F0008A1AE1 /* Main.storyboard */ = {
			isa = PBXVariantGroup;
			children = (
				8DB18DC020BEA5F0008A1AE1 /* Base */,
			);
			name = Main.storyboard;
			sourceTree = "<group>";
		};
		8DB18DC420BEA5F4008A1AE1 /* LaunchScreen.storyboard */ = {
			isa = PBXVariantGroup;
			children = (
				8DB18DC520BEA5F4008A1AE1 /* Base */,
			);
			name = LaunchScreen.storyboard;
			sourceTree = "<group>";
		};
/* End PBXVariantGroup section */

/* Begin XCBuildConfiguration section */
		8DB18DDE20BEA5F4008A1AE1 /* Debug */ = {
			isa = XCBuildConfiguration;
			buildSettings = {
				ALWAYS_SEARCH_USER_PATHS = NO;
				CLANG_ANALYZER_NONNULL = YES;
				CLANG_ANALYZER_NUMBER_OBJECT_CONVERSION = YES_AGGRESSIVE;
				CLANG_CXX_LANGUAGE_STANDARD = "gnu++14";
				CLANG_CXX_LIBRARY = "libc++";
				CLANG_ENABLE_MODULES = YES;
				CLANG_ENABLE_OBJC_ARC = YES;
				CLANG_ENABLE_OBJC_WEAK = YES;
				CLANG_WARN_BLOCK_CAPTURE_AUTORELEASING = YES;
				CLANG_WARN_BOOL_CONVERSION = YES;
				CLANG_WARN_COMMA = YES;
				CLANG_WARN_CONSTANT_CONVERSION = YES;
				CLANG_WARN_DEPRECATED_OBJC_IMPLEMENTATIONS = YES;
				CLANG_WARN_DIRECT_OBJC_ISA_USAGE = YES_ERROR;
				CLANG_WARN_DOCUMENTATION_COMMENTS = YES;
				CLANG_WARN_EMPTY_BODY = YES;
				CLANG_WARN_ENUM_CONVERSION = YES;
				CLANG_WARN_INFINITE_RECURSION = YES;
				CLANG_WARN_INT_CONVERSION = YES;
				CLANG_WARN_NON_LITERAL_NULL_CONVERSION = YES;
				CLANG_WARN_OBJC_IMPLICIT_RETAIN_SELF = YES;
				CLANG_WARN_OBJC_LITERAL_CONVERSION = YES;
				CLANG_WARN_OBJC_ROOT_CLASS = YES_ERROR;
				CLANG_WARN_RANGE_LOOP_ANALYSIS = YES;
				CLANG_WARN_STRICT_PROTOTYPES = YES;
				CLANG_WARN_SUSPICIOUS_MOVE = YES;
				CLANG_WARN_UNGUARDED_AVAILABILITY = YES_AGGRESSIVE;
				CLANG_WARN_UNREACHABLE_CODE = YES;
				CLANG_WARN__DUPLICATE_METHOD_MATCH = YES;
				CODE_SIGN_IDENTITY = "iPhone Developer";
				COPY_PHASE_STRIP = NO;
				DEBUG_INFORMATION_FORMAT = dwarf;
				ENABLE_STRICT_OBJC_MSGSEND = YES;
				ENABLE_TESTABILITY = YES;
				GCC_C_LANGUAGE_STANDARD = gnu11;
				GCC_DYNAMIC_NO_PIC = NO;
				GCC_NO_COMMON_BLOCKS = YES;
				GCC_OPTIMIZATION_LEVEL = 0;
				GCC_PREPROCESSOR_DEFINITIONS = (
					"DEBUG=1",
					"$(inherited)",
				);
				GCC_WARN_64_TO_32_BIT_CONVERSION = YES;
				GCC_WARN_ABOUT_RETURN_TYPE = YES_ERROR;
				GCC_WARN_UNDECLARED_SELECTOR = YES;
				GCC_WARN_UNINITIALIZED_AUTOS = YES_AGGRESSIVE;
				GCC_WARN_UNUSED_FUNCTION = YES;
				GCC_WARN_UNUSED_VARIABLE = YES;
				IPHONEOS_DEPLOYMENT_TARGET = 11.4;
				MTL_ENABLE_DEBUG_INFO = YES;
				ONLY_ACTIVE_ARCH = YES;
				SDKROOT = iphoneos;
				SWIFT_ACTIVE_COMPILATION_CONDITIONS = DEBUG;
				SWIFT_OPTIMIZATION_LEVEL = "-Onone";
			};
			name = Debug;
		};
		8DB18DDF20BEA5F4008A1AE1 /* Release */ = {
			isa = XCBuildConfiguration;
			buildSettings = {
				ALWAYS_SEARCH_USER_PATHS = NO;
				CLANG_ANALYZER_NONNULL = YES;
				CLANG_ANALYZER_NUMBER_OBJECT_CONVERSION = YES_AGGRESSIVE;
				CLANG_CXX_LANGUAGE_STANDARD = "gnu++14";
				CLANG_CXX_LIBRARY = "libc++";
				CLANG_ENABLE_MODULES = YES;
				CLANG_ENABLE_OBJC_ARC = YES;
				CLANG_ENABLE_OBJC_WEAK = YES;
				CLANG_WARN_BLOCK_CAPTURE_AUTORELEASING = YES;
				CLANG_WARN_BOOL_CONVERSION = YES;
				CLANG_WARN_COMMA = YES;
				CLANG_WARN_CONSTANT_CONVERSION = YES;
				CLANG_WARN_DEPRECATED_OBJC_IMPLEMENTATIONS = YES;
				CLANG_WARN_DIRECT_OBJC_ISA_USAGE = YES_ERROR;
				CLANG_WARN_DOCUMENTATION_COMMENTS = YES;
				CLANG_WARN_EMPTY_BODY = YES;
				CLANG_WARN_ENUM_CONVERSION = YES;
				CLANG_WARN_INFINITE_RECURSION = YES;
				CLANG_WARN_INT_CONVERSION = YES;
				CLANG_WARN_NON_LITERAL_NULL_CONVERSION = YES;
				CLANG_WARN_OBJC_IMPLICIT_RETAIN_SELF = YES;
				CLANG_WARN_OBJC_LITERAL_CONVERSION = YES;
				CLANG_WARN_OBJC_ROOT_CLASS = YES_ERROR;
				CLANG_WARN_RANGE_LOOP_ANALYSIS = YES;
				CLANG_WARN_STRICT_PROTOTYPES = YES;
				CLANG_WARN_SUSPICIOUS_MOVE = YES;
				CLANG_WARN_UNGUARDED_AVAILABILITY = YES_AGGRESSIVE;
				CLANG_WARN_UNREACHABLE_CODE = YES;
				CLANG_WARN__DUPLICATE_METHOD_MATCH = YES;
				CODE_SIGN_IDENTITY = "iPhone Developer";
				COPY_PHASE_STRIP = NO;
				DEBUG_INFORMATION_FORMAT = "dwarf-with-dsym";
				ENABLE_NS_ASSERTIONS = NO;
				ENABLE_STRICT_OBJC_MSGSEND = YES;
				GCC_C_LANGUAGE_STANDARD = gnu11;
				GCC_NO_COMMON_BLOCKS = YES;
				GCC_WARN_64_TO_32_BIT_CONVERSION = YES;
				GCC_WARN_ABOUT_RETURN_TYPE = YES_ERROR;
				GCC_WARN_UNDECLARED_SELECTOR = YES;
				GCC_WARN_UNINITIALIZED_AUTOS = YES_AGGRESSIVE;
				GCC_WARN_UNUSED_FUNCTION = YES;
				GCC_WARN_UNUSED_VARIABLE = YES;
				IPHONEOS_DEPLOYMENT_TARGET = 11.4;
				MTL_ENABLE_DEBUG_INFO = NO;
				SDKROOT = iphoneos;
				SWIFT_COMPILATION_MODE = wholemodule;
				SWIFT_OPTIMIZATION_LEVEL = "-O";
				VALIDATE_PRODUCT = YES;
			};
			name = Release;
		};
		8DB18DE120BEA5F4008A1AE1 /* Debug */ = {
			isa = XCBuildConfiguration;
			buildSettings = {
				ASSETCATALOG_COMPILER_APPICON_NAME = AppIcon;
				CODE_SIGN_STYLE = Automatic;
				DEVELOPMENT_TEAM = 2PCRQN2RNW;
				INFOPLIST_FILE = staticLibrariesTest/Info.plist;
				LD_RUNPATH_SEARCH_PATHS = (
					"$(inherited)",
					"@executable_path/Frameworks",
				);
				PRODUCT_BUNDLE_IDENTIFIER = stephanlerner.staticLibrariesTest;
				PRODUCT_NAME = "$(TARGET_NAME)";
				SWIFT_VERSION = 4.0;
				TARGETED_DEVICE_FAMILY = "1,2";
			};
			name = Debug;
		};
		8DB18DE220BEA5F4008A1AE1 /* Release */ = {
			isa = XCBuildConfiguration;
			buildSettings = {
				ASSETCATALOG_COMPILER_APPICON_NAME = AppIcon;
				CODE_SIGN_STYLE = Automatic;
				DEVELOPMENT_TEAM = 2PCRQN2RNW;
				INFOPLIST_FILE = staticLibrariesTest/Info.plist;
				LD_RUNPATH_SEARCH_PATHS = (
					"$(inherited)",
					"@executable_path/Frameworks",
				);
				PRODUCT_BUNDLE_IDENTIFIER = stephanlerner.staticLibrariesTest;
				PRODUCT_NAME = "$(TARGET_NAME)";
				SWIFT_VERSION = 4.0;
				TARGETED_DEVICE_FAMILY = "1,2";
			};
			name = Release;
		};
		8DB18DE420BEA5F4008A1AE1 /* Debug */ = {
			isa = XCBuildConfiguration;
			buildSettings = {
				ALWAYS_EMBED_SWIFT_STANDARD_LIBRARIES = YES;
				BUNDLE_LOADER = "$(TEST_HOST)";
				CODE_SIGN_STYLE = Automatic;
				DEVELOPMENT_TEAM = 2PCRQN2RNW;
				INFOPLIST_FILE = staticLibrariesTestTests/Info.plist;
				LD_RUNPATH_SEARCH_PATHS = (
					"$(inherited)",
					"@executable_path/Frameworks",
					"@loader_path/Frameworks",
				);
				PRODUCT_BUNDLE_IDENTIFIER = stephanlerner.staticLibrariesTestTests;
				PRODUCT_NAME = "$(TARGET_NAME)";
				SWIFT_VERSION = 4.0;
				TARGETED_DEVICE_FAMILY = "1,2";
				TEST_HOST = "$(BUILT_PRODUCTS_DIR)/staticLibrariesTest.app/staticLibrariesTest";
			};
			name = Debug;
		};
		8DB18DE520BEA5F4008A1AE1 /* Release */ = {
			isa = XCBuildConfiguration;
			buildSettings = {
				ALWAYS_EMBED_SWIFT_STANDARD_LIBRARIES = YES;
				BUNDLE_LOADER = "$(TEST_HOST)";
				CODE_SIGN_STYLE = Automatic;
				DEVELOPMENT_TEAM = 2PCRQN2RNW;
				INFOPLIST_FILE = staticLibrariesTestTests/Info.plist;
				LD_RUNPATH_SEARCH_PATHS = (
					"$(inherited)",
					"@executable_path/Frameworks",
					"@loader_path/Frameworks",
				);
				PRODUCT_BUNDLE_IDENTIFIER = stephanlerner.staticLibrariesTestTests;
				PRODUCT_NAME = "$(TARGET_NAME)";
				SWIFT_VERSION = 4.0;
				TARGETED_DEVICE_FAMILY = "1,2";
				TEST_HOST = "$(BUILT_PRODUCTS_DIR)/staticLibrariesTest.app/staticLibrariesTest";
			};
			name = Release;
		};
		8DB18DE720BEA5F4008A1AE1 /* Debug */ = {
			isa = XCBuildConfiguration;
			buildSettings = {
				ALWAYS_EMBED_SWIFT_STANDARD_LIBRARIES = YES;
				CODE_SIGN_STYLE = Automatic;
				DEVELOPMENT_TEAM = 2PCRQN2RNW;
				INFOPLIST_FILE = staticLibrariesTestUITests/Info.plist;
				LD_RUNPATH_SEARCH_PATHS = (
					"$(inherited)",
					"@executable_path/Frameworks",
					"@loader_path/Frameworks",
				);
				PRODUCT_BUNDLE_IDENTIFIER = stephanlerner.staticLibrariesTestUITests;
				PRODUCT_NAME = "$(TARGET_NAME)";
				SWIFT_VERSION = 4.0;
				TARGETED_DEVICE_FAMILY = "1,2";
				TEST_TARGET_NAME = staticLibrariesTest;
			};
			name = Debug;
		};
		8DB18DE820BEA5F4008A1AE1 /* Release */ = {
			isa = XCBuildConfiguration;
			buildSettings = {
				ALWAYS_EMBED_SWIFT_STANDARD_LIBRARIES = YES;
				CODE_SIGN_STYLE = Automatic;
				DEVELOPMENT_TEAM = 2PCRQN2RNW;
				INFOPLIST_FILE = staticLibrariesTestUITests/Info.plist;
				LD_RUNPATH_SEARCH_PATHS = (
					"$(inherited)",
					"@executable_path/Frameworks",
					"@loader_path/Frameworks",
				);
				PRODUCT_BUNDLE_IDENTIFIER = stephanlerner.staticLibrariesTestUITests;
				PRODUCT_NAME = "$(TARGET_NAME)";
				SWIFT_VERSION = 4.0;
				TARGETED_DEVICE_FAMILY = "1,2";
				TEST_TARGET_NAME = staticLibrariesTest;
			};
			name = Release;
		};
/* End XCBuildConfiguration section */

/* Begin XCConfigurationList section */
		8DB18DB320BEA5F0008A1AE1 /* Build configuration list for PBXProject "staticLibrariesTest" */ = {
			isa = XCConfigurationList;
			buildConfigurations = (
				8DB18DDE20BEA5F4008A1AE1 /* Debug */,
				8DB18DDF20BEA5F4008A1AE1 /* Release */,
			);
			defaultConfigurationIsVisible = 0;
			defaultConfigurationName = Release;
		};
		8DB18DE020BEA5F4008A1AE1 /* Build configuration list for PBXNativeTarget "staticLibrariesTest" */ = {
			isa = XCConfigurationList;
			buildConfigurations = (
				8DB18DE120BEA5F4008A1AE1 /* Debug */,
				8DB18DE220BEA5F4008A1AE1 /* Release */,
			);
			defaultConfigurationIsVisible = 0;
			defaultConfigurationName = Release;
		};
		8DB18DE320BEA5F4008A1AE1 /* Build configuration list for PBXNativeTarget "staticLibrariesTestTests" */ = {
			isa = XCConfigurationList;
			buildConfigurations = (
				8DB18DE420BEA5F4008A1AE1 /* Debug */,
				8DB18DE520BEA5F4008A1AE1 /* Release */,
			);
			defaultConfigurationIsVisible = 0;
			defaultConfigurationName = Release;
		};
		8DB18DE620BEA5F4008A1AE1 /* Build configuration list for PBXNativeTarget "staticLibrariesTestUITests" */ = {
			isa = XCConfigurationList;
			buildConfigurations = (
				8DB18DE720BEA5F4008A1AE1 /* Debug */,
				8DB18DE820BEA5F4008A1AE1 /* Release */,
			);
			defaultConfigurationIsVisible = 0;
			defaultConfigurationName = Release;
		};
/* End XCConfigurationList section */
	};
	rootObject = 8DB18DB020BEA5F0008A1AE1 /* Project object */;
}
